
Microsoft Visual Studio Solution File, Format Version 12.00
Project("{2150E333-8FDC-42A3-9474-1A3956D46DE8}") = "Framework", "Framework", "{860FA9AD-0A96-4533-81BA-C87C3E6192B3}"
EndProject
Project("{FAE04EC0-301F-11D3-BF4B-00C04F79EFBC}") = "MfPulse.Mongo", "MfPulse.Mongo\MfPulse.Mongo.csproj", "{C39D718F-2342-46F8-A830-76CFEC75414A}"
EndProject
Project("{FAE04EC0-301F-11D3-BF4B-00C04F79EFBC}") = "MfPulse.Auth", "MfPulse.Auth\MfPulse.Auth.csproj", "{B5C7CA8B-4F59-4685-AFFD-6BDEBCEEB6CB}"
EndProject
Global
	GlobalSection(SolutionConfigurationPlatforms) = preSolution
		Debug|Any CPU = Debug|Any CPU
		Release|Any CPU = Release|Any CPU
	EndGlobalSection
	GlobalSection(NestedProjects) = preSolution
		{C39D718F-2342-46F8-A830-76CFEC75414A} = {860FA9AD-0A96-4533-81BA-C87C3E6192B3}
		{B5C7CA8B-4F59-4685-AFFD-6BDEBCEEB6CB} = {860FA9AD-0A96-4533-81BA-C87C3E6192B3}
	EndGlobalSection
	GlobalSection(ProjectConfigurationPlatforms) = postSolution
		{C39D718F-2342-46F8-A830-76CFEC75414A}.Debug|Any CPU.ActiveCfg = Debug|Any CPU
		{C39D718F-2342-46F8-A830-76CFEC75414A}.Debug|Any CPU.Build.0 = Debug|Any CPU
		{C39D718F-2342-46F8-A830-76CFEC75414A}.Release|Any CPU.ActiveCfg = Release|Any CPU
		{C39D718F-2342-46F8-A830-76CFEC75414A}.Release|Any CPU.Build.0 = Release|Any CPU
		{B5C7CA8B-4F59-4685-AFFD-6BDEBCEEB6CB}.Debug|Any CPU.ActiveCfg = Debug|Any CPU
		{B5C7CA8B-4F59-4685-AFFD-6BDEBCEEB6CB}.Debug|Any CPU.Build.0 = Debug|Any CPU
		{B5C7CA8B-4F59-4685-AFFD-6BDEBCEEB6CB}.Release|Any CPU.ActiveCfg = Release|Any CPU
		{B5C7CA8B-4F59-4685-AFFD-6BDEBCEEB6CB}.Release|Any CPU.Build.0 = Release|Any CPU
	EndGlobalSection
EndGlobal
