
Microsoft Visual Studio Solution File, Format Version 12.00
Project("{2150E333-8FDC-42A3-9474-1A3956D46DE8}") = "Framework", "Framework", "{860FA9AD-0A96-4533-81BA-C87C3E6192B3}"
EndProject
Project("{FAE04EC0-301F-11D3-BF4B-00C04F79EFBC}") = "MfPulse.Mongo", "MfPulse.Mongo\MfPulse.Mongo.csproj", "{C39D718F-2342-46F8-A830-76CFEC75414A}"
EndProject
Project("{FAE04EC0-301F-11D3-BF4B-00C04F79EFBC}") = "MfPulse.Auth", "MfPulse.Auth\MfPulse.Auth.csproj", "{B5C7CA8B-4F59-4685-AFFD-6BDEBCEEB6CB}"
EndProject
Project("{2150E333-8FDC-42A3-9474-1A3956D46DE8}") = "Public", "Public", "{68D0675A-C27A-4A9B-92AD-36645A6CDE5E}"
EndProject
Project("{FAE04EC0-301F-11D3-BF4B-00C04F79EFBC}") = "MfPulse.Api", "MfPulse.Api\MfPulse.Api.csproj", "{0F01CA9E-A9D7-4ADF-9FF7-4FCE1CAA236B}"
EndProject
Project("{FAE04EC0-301F-11D3-BF4B-00C04F79EFBD}") = "MfPulse.CrossCutting", "MfPulse.CrossCutting\MfPulse.CrossCutting.csproj", "{EF935B22-F6BF-4250-9D04-F5647503CF33}"
EndProject
Global
	GlobalSection(SolutionConfigurationPlatforms) = preSolution
		Debug|Any CPU = Debug|Any CPU
		Release|Any CPU = Release|Any CPU
	EndGlobalSection
	GlobalSection(NestedProjects) = preSolution
		{C39D718F-2342-46F8-A830-76CFEC75414A} = {860FA9AD-0A96-4533-81BA-C87C3E6192B3}
		{B5C7CA8B-4F59-4685-AFFD-6BDEBCEEB6CB} = {860FA9AD-0A96-4533-81BA-C87C3E6192B3}
		{0F01CA9E-A9D7-4ADF-9FF7-4FCE1CAA236B} = {68D0675A-C27A-4A9B-92AD-36645A6CDE5E}
		{EF935B22-F6BF-4250-9D04-F5647503CF33} = {860FA9AD-0A96-4533-81BA-C87C3E6192B3}
	EndGlobalSection
	GlobalSection(ProjectConfigurationPlatforms) = postSolution
		{C39D718F-2342-46F8-A830-76CFEC75414A}.Debug|Any CPU.ActiveCfg = Debug|Any CPU
		{C39D718F-2342-46F8-A830-76CFEC75414A}.Debug|Any CPU.Build.0 = Debug|Any CPU
		{C39D718F-2342-46F8-A830-76CFEC75414A}.Release|Any CPU.ActiveCfg = Release|Any CPU
		{C39D718F-2342-46F8-A830-76CFEC75414A}.Release|Any CPU.Build.0 = Release|Any CPU
		{B5C7CA8B-4F59-4685-AFFD-6BDEBCEEB6CB}.Debug|Any CPU.ActiveCfg = Debug|Any CPU
		{B5C7CA8B-4F59-4685-AFFD-6BDEBCEEB6CB}.Debug|Any CPU.Build.0 = Debug|Any CPU
		{B5C7CA8B-4F59-4685-AFFD-6BDEBCEEB6CB}.Release|Any CPU.ActiveCfg = Release|Any CPU
		{B5C7CA8B-4F59-4685-AFFD-6BDEBCEEB6CB}.Release|Any CPU.Build.0 = Release|Any CPU
		{0F01CA9E-A9D7-4ADF-9FF7-4FCE1CAA236B}.Debug|Any CPU.ActiveCfg = Debug|Any CPU
		{0F01CA9E-A9D7-4ADF-9FF7-4FCE1CAA236B}.Debug|Any CPU.Build.0 = Debug|Any CPU
		{0F01CA9E-A9D7-4ADF-9FF7-4FCE1CAA236B}.Release|Any CPU.ActiveCfg = Release|Any CPU
		{0F01CA9E-A9D7-4ADF-9FF7-4FCE1CAA236B}.Release|Any CPU.Build.0 = Release|Any CPU
		{EF935B22-F6BF-4250-9D04-F5647503CF33}.Debug|Any CPU.ActiveCfg = Debug|Any CPU
		{EF935B22-F6BF-4250-9D04-F5647503CF33}.Debug|Any CPU.Build.0 = Debug|Any CPU
		{EF935B22-F6BF-4250-9D04-F5647503CF33}.Release|Any CPU.ActiveCfg = Release|Any CPU
		{EF935B22-F6BF-4250-9D04-F5647503CF33}.Release|Any CPU.Build.0 = Release|Any CPU
	EndGlobalSection
EndGlobal
